
Microsoft Visual Studio Solution File, Format Version 12.00
# Visual Studio Version 17
VisualStudioVersion = 17.4.33122.133
MinimumVisualStudioVersion = 10.0.40219.1
Project("{FAE04EC0-301F-11D3-BF4B-00C04F79EFBC}") = "Soap", "Soap\Soap.csproj", "{33239826-B6B4-47F0-925D-D232D9539C13}"
EndProject
Global
	GlobalSection(SolutionConfigurationPlatforms) = preSolution
		Debug|Any CPU = Debug|Any CPU
		Release|Any CPU = Release|Any CPU
	EndGlobalSection
	GlobalSection(ProjectConfigurationPlatforms) = postSolution
		{33239826-B6B4-47F0-925D-D232D9539C13}.Debug|Any CPU.ActiveCfg = Debug|Any CPU
		{33239826-B6B4-47F0-925D-D232D9539C13}.Debug|Any CPU.Build.0 = Debug|Any CPU
		{33239826-B6B4-47F0-925D-D232D9539C13}.Release|Any CPU.ActiveCfg = Release|Any CPU
		{33239826-B6B4-47F0-925D-D232D9539C13}.Release|Any CPU.Build.0 = Release|Any CPU
	EndGlobalSection
	GlobalSection(SolutionProperties) = preSolution
		HideSolutionNode = FALSE
	EndGlobalSection
	GlobalSection(ExtensibilityGlobals) = postSolution
		SolutionGuid = {D524390F-A2DC-45F8-8BA6-035CE81DAE15}
	EndGlobalSection
EndGlobal
